
Microsoft Visual Studio Solution File, Format Version 12.00
# Visual Studio Version 16
VisualStudioVersion = 16.0.28803.452
MinimumVisualStudioVersion = 10.0.40219.1
Project("{888888A0-9F3D-457C-B088-3A5042F75D52}") = "PythonApp1", "PythonApp1.pyproj", "{62BC44D2-0C88-4CAF-A3B9-153D84BE4713}"
EndProject
Global
	GlobalSection(SolutionConfigurationPlatforms) = preSolution
		Debug|Any CPU = Debug|Any CPU
		Debug|x86 = Debug|x86
		Release|Any CPU = Release|Any CPU
		Release|x86 = Release|x86
	EndGlobalSection
	GlobalSection(ProjectConfigurationPlatforms) = postSolution
		{62BC44D2-0C88-4CAF-A3B9-153D84BE4713}.Debug|Any CPU.ActiveCfg = Debug|Any CPU
		{62BC44D2-0C88-4CAF-A3B9-153D84BE4713}.Debug|x86.ActiveCfg = Debug|Any CPU
		{62BC44D2-0C88-4CAF-A3B9-153D84BE4713}.Release|Any CPU.ActiveCfg = Release|Any CPU
		{62BC44D2-0C88-4CAF-A3B9-153D84BE4713}.Release|x86.ActiveCfg = Release|Any CPU
	EndGlobalSection
	GlobalSection(SolutionProperties) = preSolution
		HideSolutionNode = FALSE
	EndGlobalSection
	GlobalSection(ExtensibilityGlobals) = postSolution
		SolutionGuid = {11F5D955-B608-47A9-9A78-8EAF4B561067}
	EndGlobalSection
EndGlobal
